
Microsoft Visual Studio Solution File, Format Version 12.00
# Visual Studio Version 17
VisualStudioVersion = 17.14.36401.2 d17.14
MinimumVisualStudioVersion = 10.0.40219.1
Project("{FAE04EC0-301F-11D3-BF4B-00C04F79EFBC}") = "RevitLLMAddin", "RevitLLMAddin\RevitLLMAddin.csproj", "{D4B9CB3C-8453-43D2-99DD-BDC7B906C649}"
EndProject
Global
	GlobalSection(SolutionConfigurationPlatforms) = preSolution
		Debug|Any CPU = Debug|Any CPU
		Release|Any CPU = Release|Any CPU
	EndGlobalSection
	GlobalSection(ProjectConfigurationPlatforms) = postSolution
		{D4B9CB3C-8453-43D2-99DD-BDC7B906C649}.Debug|Any CPU.ActiveCfg = Debug|Any CPU
		{D4B9CB3C-8453-43D2-99DD-BDC7B906C649}.Debug|Any CPU.Build.0 = Debug|Any CPU
		{D4B9CB3C-8453-43D2-99DD-BDC7B906C649}.Release|Any CPU.ActiveCfg = Release|Any CPU
		{D4B9CB3C-8453-43D2-99DD-BDC7B906C649}.Release|Any CPU.Build.0 = Release|Any CPU
	EndGlobalSection
	GlobalSection(SolutionProperties) = preSolution
		HideSolutionNode = FALSE
	EndGlobalSection
	GlobalSection(ExtensibilityGlobals) = postSolution
		SolutionGuid = {262D3F83-1D0C-47F8-9187-6442588D8F22}
	EndGlobalSection
EndGlobal
